
Microsoft Visual Studio Solution File, Format Version 12.00
# Visual Studio Version 17
VisualStudioVersion = 17.3.32922.545
MinimumVisualStudioVersion = 10.0.40219.1
Project("{FAE04EC0-301F-11D3-BF4B-00C04F79EFBC}") = "SimplyRecruitAPI", "SimplyRecruitAPI\SimplyRecruitAPI.csproj", "{0D0D3252-922F-42CB-BCEB-D8805E7E9ADA}"
EndProject
Global
	GlobalSection(SolutionConfigurationPlatforms) = preSolution
		Debug|Any CPU = Debug|Any CPU
		Release|Any CPU = Release|Any CPU
	EndGlobalSection
	GlobalSection(ProjectConfigurationPlatforms) = postSolution
		{0D0D3252-922F-42CB-BCEB-D8805E7E9ADA}.Debug|Any CPU.ActiveCfg = Debug|Any CPU
		{0D0D3252-922F-42CB-BCEB-D8805E7E9ADA}.Debug|Any CPU.Build.0 = Debug|Any CPU
		{0D0D3252-922F-42CB-BCEB-D8805E7E9ADA}.Release|Any CPU.ActiveCfg = Release|Any CPU
		{0D0D3252-922F-42CB-BCEB-D8805E7E9ADA}.Release|Any CPU.Build.0 = Release|Any CPU
	EndGlobalSection
	GlobalSection(SolutionProperties) = preSolution
		HideSolutionNode = FALSE
	EndGlobalSection
	GlobalSection(ExtensibilityGlobals) = postSolution
		SolutionGuid = {5BE34B4A-20DC-45E7-8516-D84F213C48DF}
	EndGlobalSection
EndGlobal
